{
  "name": "sanchuangsai",
  "version": "1.0.0",
  "lockfileVersion": 3,
  "requires": true,
  "packages": {
    "": {
      "name": "sanchuangsai",
      "version": "1.0.0",
      "license": "ISC",
      "dependencies": {
        "@mediapipe/camera_utils": "^0.3.1675466862",
        "@mediapipe/face_mesh": "^0.4.1633559619",
        "kalidokit": "^1.1.5",
        "three": "^0.182.0"
      }
    },
    "node_modules/@mediapipe/camera_utils": {
      "version": "0.3.1675466862",
      "resolved": "https://registry.npmmirror.com/@mediapipe/camera_utils/-/camera_utils-0.3.1675466862.tgz",
      "integrity": "sha512-siuXBoUxWo9WL0MeAxIxvxY04bvbtdNl7uCxoJxiAiRtNnCYrurr7Vl5VYQ94P7Sq0gVq6PxIDhWWeZ/pLnSzw==",
      "license": "Apache-2.0"
    },
    "node_modules/@mediapipe/face_mesh": {
      "version": "0.4.1633559619",
      "resolved": "https://registry.npmmirror.com/@mediapipe/face_mesh/-/face_mesh-0.4.1633559619.tgz",
      "integrity": "sha512-Vc8cdjxS5+O2gnjWH9KncYpUCVXT0h714KlWAsyqJvJbIgUJBqpppbIx8yWcAzBDxm/5cYSuBI5p5ySIPxzcEg==",
      "license": "Apache-2.0"
    },
    "node_modules/kalidokit": {
      "version": "1.1.5",
      "resolved": "https://registry.npmmirror.com/kalidokit/-/kalidokit-1.1.5.tgz",
      "integrity": "sha512-cLaPfCK5UB1QUesFSF12s1/ZsOz4FMcaZDqfFoIYYAzouAjzreishAKIMuoN4zhz2KLuJudGKYWVjI+VVb0W1Q==",
      "license": "MIT"
    },
    "node_modules/three": {
      "version": "0.182.0",
      "resolved": "https://registry.npmmirror.com/three/-/three-0.182.0.tgz",
      "integrity": "sha512-GbHabT+Irv+ihI1/f5kIIsZ+Ef9Sl5A1Y7imvS5RQjWgtTPfPnZ43JmlYI7NtCRDK9zir20lQpfg8/9Yd02OvQ==",
      "license": "MIT"
    }
  }
}
